// !$*UTF8*$!
{
	archiveVersion = 1;
	classes = {
	};
	objectVersion = 50;
	objects = {

/* Begin PBXBuildFile section */
		992C78AF2236B7B200924631 /* AppDelegate.swift in Sources */ = {isa = PBXBuildFile; fileRef = 992C78AE2236B7B200924631 /* AppDelegate.swift */; };
		992C78B12236B7B200924631 /* LuyaViewController.swift in Sources */ = {isa = PBXBuildFile; fileRef = 992C78B02236B7B200924631 /* LuyaViewController.swift */; };
		992C78B42236B7B200924631 /* Main.storyboard in Resources */ = {isa = PBXBuildFile; fileRef = 992C78B22236B7B200924631 /* Main.storyboard */; };
		992C78B62236B7B300924631 /* Assets.xcassets in Resources */ = {isa = PBXBuildFile; fileRef = 992C78B52236B7B300924631 /* Assets.xcassets */; };
		992C78B92236B7B300924631 /* LaunchScreen.storyboard in Resources */ = {isa = PBXBuildFile; fileRef = 992C78B72236B7B300924631 /* LaunchScreen.storyboard */; };
		992C78C42236B7B300924631 /* e_bookTests.swift in Sources */ = {isa = PBXBuildFile; fileRef = 992C78C32236B7B300924631 /* e_bookTests.swift */; };
		992C78CF2236B7B400924631 /* e_bookUITests.swift in Sources */ = {isa = PBXBuildFile; fileRef = 992C78CE2236B7B400924631 /* e_bookUITests.swift */; };
		992C78DD2236CC5800924631 /* SentyCreamPuff.ttf in Resources */ = {isa = PBXBuildFile; fileRef = 992C78DC2236CC5800924631 /* SentyCreamPuff.ttf */; };
		992C78DE2236CC5800924631 /* SentyCreamPuff.ttf in Resources */ = {isa = PBXBuildFile; fileRef = 992C78DC2236CC5800924631 /* SentyCreamPuff.ttf */; };
		992C78DF2236CC5800924631 /* SentyCreamPuff.ttf in Resources */ = {isa = PBXBuildFile; fileRef = 992C78DC2236CC5800924631 /* SentyCreamPuff.ttf */; };
		992C78F52237DA5B00924631 /* Luya.gif in Resources */ = {isa = PBXBuildFile; fileRef = 992C78F42237DA5B00924631 /* Luya.gif */; };
		992C78F62237DA5B00924631 /* Luya.gif in Resources */ = {isa = PBXBuildFile; fileRef = 992C78F42237DA5B00924631 /* Luya.gif */; };
		992C78F72237DA5B00924631 /* Luya.gif in Resources */ = {isa = PBXBuildFile; fileRef = 992C78F42237DA5B00924631 /* Luya.gif */; };
		992C78F92237DE3700924631 /* UIImage+GIF.swift in Sources */ = {isa = PBXBuildFile; fileRef = 992C78F82237DE3700924631 /* UIImage+GIF.swift */; };
		992C78FA2237DE3700924631 /* UIImage+GIF.swift in Sources */ = {isa = PBXBuildFile; fileRef = 992C78F82237DE3700924631 /* UIImage+GIF.swift */; };
		992C78FB2237DE3700924631 /* UIImage+GIF.swift in Sources */ = {isa = PBXBuildFile; fileRef = 992C78F82237DE3700924631 /* UIImage+GIF.swift */; };
		992C78FD2237E74200924631 /* star.gif in Resources */ = {isa = PBXBuildFile; fileRef = 992C78FC2237E74100924631 /* star.gif */; };
		992C78FE2237E74200924631 /* star.gif in Resources */ = {isa = PBXBuildFile; fileRef = 992C78FC2237E74100924631 /* star.gif */; };
		992C78FF2237E74200924631 /* star.gif in Resources */ = {isa = PBXBuildFile; fileRef = 992C78FC2237E74100924631 /* star.gif */; };
		992C79012237E7CF00924631 /* StarViewController.swift in Sources */ = {isa = PBXBuildFile; fileRef = 992C79002237E7CF00924631 /* StarViewController.swift */; };
		992C79022237E7CF00924631 /* StarViewController.swift in Sources */ = {isa = PBXBuildFile; fileRef = 992C79002237E7CF00924631 /* StarViewController.swift */; };
		992C79032237E7CF00924631 /* StarViewController.swift in Sources */ = {isa = PBXBuildFile; fileRef = 992C79002237E7CF00924631 /* StarViewController.swift */; };
		992C79052237EF4B00924631 /* coco.gif in Resources */ = {isa = PBXBuildFile; fileRef = 992C79042237EF4B00924631 /* coco.gif */; };
		992C79062237EF4B00924631 /* coco.gif in Resources */ = {isa = PBXBuildFile; fileRef = 992C79042237EF4B00924631 /* coco.gif */; };
		992C79072237EF4B00924631 /* coco.gif in Resources */ = {isa = PBXBuildFile; fileRef = 992C79042237EF4B00924631 /* coco.gif */; };
		992C79092237F06700924631 /* CocoViewController.swift in Sources */ = {isa = PBXBuildFile; fileRef = 992C79082237F06700924631 /* CocoViewController.swift */; };
		992C790A2237F06700924631 /* CocoViewController.swift in Sources */ = {isa = PBXBuildFile; fileRef = 992C79082237F06700924631 /* CocoViewController.swift */; };
		992C790B2237F06700924631 /* CocoViewController.swift in Sources */ = {isa = PBXBuildFile; fileRef = 992C79082237F06700924631 /* CocoViewController.swift */; };
		992C790D2237F9DD00924631 /* lina.gif in Resources */ = {isa = PBXBuildFile; fileRef = 992C790C2237F9DD00924631 /* lina.gif */; };
		992C790E2237F9DD00924631 /* lina.gif in Resources */ = {isa = PBXBuildFile; fileRef = 992C790C2237F9DD00924631 /* lina.gif */; };
		992C790F2237F9DD00924631 /* lina.gif in Resources */ = {isa = PBXBuildFile; fileRef = 992C790C2237F9DD00924631 /* lina.gif */; };
		992C79112237FC1100924631 /* LinaViewController.swift in Sources */ = {isa = PBXBuildFile; fileRef = 992C79102237FC1100924631 /* LinaViewController.swift */; };
		992C79122237FC1100924631 /* LinaViewController.swift in Sources */ = {isa = PBXBuildFile; fileRef = 992C79102237FC1100924631 /* LinaViewController.swift */; };
		992C79132237FC1100924631 /* LinaViewController.swift in Sources */ = {isa = PBXBuildFile; fileRef = 992C79102237FC1100924631 /* LinaViewController.swift */; };
		992C79152237FEE400924631 /* BlueViewController.swift in Sources */ = {isa = PBXBuildFile; fileRef = 992C79142237FEE400924631 /* BlueViewController.swift */; };
		992C79162237FEE400924631 /* BlueViewController.swift in Sources */ = {isa = PBXBuildFile; fileRef = 992C79142237FEE400924631 /* BlueViewController.swift */; };
		992C79172237FEE400924631 /* BlueViewController.swift in Sources */ = {isa = PBXBuildFile; fileRef = 992C79142237FEE400924631 /* BlueViewController.swift */; };
		992C79192237FF5C00924631 /* blue.gif in Resources */ = {isa = PBXBuildFile; fileRef = 992C79182237FF5C00924631 /* blue.gif */; };
		992C791A2237FF5C00924631 /* blue.gif in Resources */ = {isa = PBXBuildFile; fileRef = 992C79182237FF5C00924631 /* blue.gif */; };
		992C791B2237FF5C00924631 /* blue.gif in Resources */ = {isa = PBXBuildFile; fileRef = 992C79182237FF5C00924631 /* blue.gif */; };
		992C791D2238035300924631 /* noWareViewController.swift in Sources */ = {isa = PBXBuildFile; fileRef = 992C791C2238035300924631 /* noWareViewController.swift */; };
		992C791E2238035300924631 /* noWareViewController.swift in Sources */ = {isa = PBXBuildFile; fileRef = 992C791C2238035300924631 /* noWareViewController.swift */; };
		992C791F2238035300924631 /* noWareViewController.swift in Sources */ = {isa = PBXBuildFile; fileRef = 992C791C2238035300924631 /* noWareViewController.swift */; };
		992C79212238037900924631 /* noware.gif in Resources */ = {isa = PBXBuildFile; fileRef = 992C79202238037800924631 /* noware.gif */; };
		992C79222238037900924631 /* noware.gif in Resources */ = {isa = PBXBuildFile; fileRef = 992C79202238037800924631 /* noware.gif */; };
		992C79232238037900924631 /* noware.gif in Resources */ = {isa = PBXBuildFile; fileRef = 992C79202238037800924631 /* noware.gif */; };
		992C7925223805FE00924631 /* purple.gif in Resources */ = {isa = PBXBuildFile; fileRef = 992C7924223805FE00924631 /* purple.gif */; };
		992C7926223805FE00924631 /* purple.gif in Resources */ = {isa = PBXBuildFile; fileRef = 992C7924223805FE00924631 /* purple.gif */; };
		992C7927223805FE00924631 /* purple.gif in Resources */ = {isa = PBXBuildFile; fileRef = 992C7924223805FE00924631 /* purple.gif */; };
		992C79292238061700924631 /* PurpleViewController.swift in Sources */ = {isa = PBXBuildFile; fileRef = 992C79282238061700924631 /* PurpleViewController.swift */; };
		992C792A2238061700924631 /* PurpleViewController.swift in Sources */ = {isa = PBXBuildFile; fileRef = 992C79282238061700924631 /* PurpleViewController.swift */; };
		992C792B2238061700924631 /* PurpleViewController.swift in Sources */ = {isa = PBXBuildFile; fileRef = 992C79282238061700924631 /* PurpleViewController.swift */; };
/* End PBXBuildFile section */

/* Begin PBXContainerItemProxy section */
		992C78C02236B7B300924631 /* PBXContainerItemProxy */ = {
			isa = PBXContainerItemProxy;
			containerPortal = 992C78A32236B7B200924631 /* Project object */;
			proxyType = 1;
			remoteGlobalIDString = 992C78AA2236B7B200924631;
			remoteInfo = "e-book";
		};
		992C78CB2236B7B400924631 /* PBXContainerItemProxy */ = {
			isa = PBXContainerItemProxy;
			containerPortal = 992C78A32236B7B200924631 /* Project object */;
			proxyType = 1;
			remoteGlobalIDString = 992C78AA2236B7B200924631;
			remoteInfo = "e-book";
		};
/* End PBXContainerItemProxy section */

/* Begin PBXFileReference section */
		992C78AB2236B7B200924631 /* e-book.app */ = {isa = PBXFileReference; explicitFileType = wrapper.application; includeInIndex = 0; path = "e-book.app"; sourceTree = BUILT_PRODUCTS_DIR; };
		992C78AE2236B7B200924631 /* AppDelegate.swift */ = {isa = PBXFileReference; lastKnownFileType = sourcecode.swift; path = AppDelegate.swift; sourceTree = "<group>"; };
		992C78B02236B7B200924631 /* LuyaViewController.swift */ = {isa = PBXFileReference; lastKnownFileType = sourcecode.swift; path = LuyaViewController.swift; sourceTree = "<group>"; };
		992C78B32236B7B200924631 /* Base */ = {isa = PBXFileReference; lastKnownFileType = file.storyboard; name = Base; path = Base.lproj/Main.storyboard; sourceTree = "<group>"; };
		992C78B52236B7B300924631 /* Assets.xcassets */ = {isa = PBXFileReference; lastKnownFileType = folder.assetcatalog; path = Assets.xcassets; sourceTree = "<group>"; };
		992C78B82236B7B300924631 /* Base */ = {isa = PBXFileReference; lastKnownFileType = file.storyboard; name = Base; path = Base.lproj/LaunchScreen.storyboard; sourceTree = "<group>"; };
		992C78BA2236B7B300924631 /* Info.plist */ = {isa = PBXFileReference; lastKnownFileType = text.plist.xml; path = Info.plist; sourceTree = "<group>"; };
		992C78BF2236B7B300924631 /* e-bookTests.xctest */ = {isa = PBXFileReference; explicitFileType = wrapper.cfbundle; includeInIndex = 0; path = "e-bookTests.xctest"; sourceTree = BUILT_PRODUCTS_DIR; };
		992C78C32236B7B300924631 /* e_bookTests.swift */ = {isa = PBXFileReference; lastKnownFileType = sourcecode.swift; path = e_bookTests.swift; sourceTree = "<group>"; };
		992C78C52236B7B300924631 /* Info.plist */ = {isa = PBXFileReference; lastKnownFileType = text.plist.xml; path = Info.plist; sourceTree = "<group>"; };
		992C78CA2236B7B400924631 /* e-bookUITests.xctest */ = {isa = PBXFileReference; explicitFileType = wrapper.cfbundle; includeInIndex = 0; path = "e-bookUITests.xctest"; sourceTree = BUILT_PRODUCTS_DIR; };
		992C78CE2236B7B400924631 /* e_bookUITests.swift */ = {isa = PBXFileReference; lastKnownFileType = sourcecode.swift; path = e_bookUITests.swift; sourceTree = "<group>"; };
		992C78D02236B7B400924631 /* Info.plist */ = {isa = PBXFileReference; lastKnownFileType = text.plist.xml; path = Info.plist; sourceTree = "<group>"; };
		992C78DC2236CC5800924631 /* SentyCreamPuff.ttf */ = {isa = PBXFileReference; lastKnownFileType = file; path = SentyCreamPuff.ttf; sourceTree = "<group>"; };
		992C78F42237DA5B00924631 /* Luya.gif */ = {isa = PBXFileReference; lastKnownFileType = image.gif; path = Luya.gif; sourceTree = SOURCE_ROOT; };
		992C78F82237DE3700924631 /* UIImage+GIF.swift */ = {isa = PBXFileReference; lastKnownFileType = sourcecode.swift; path = "UIImage+GIF.swift"; sourceTree = "<group>"; };
		992C78FC2237E74100924631 /* star.gif */ = {isa = PBXFileReference; lastKnownFileType = image.gif; path = star.gif; sourceTree = SOURCE_ROOT; };
		992C79002237E7CF00924631 /* StarViewController.swift */ = {isa = PBXFileReference; lastKnownFileType = sourcecode.swift; path = StarViewController.swift; sourceTree = "<group>"; };
		992C79042237EF4B00924631 /* coco.gif */ = {isa = PBXFileReference; lastKnownFileType = image.gif; path = coco.gif; sourceTree = SOURCE_ROOT; };
		992C79082237F06700924631 /* CocoViewController.swift */ = {isa = PBXFileReference; lastKnownFileType = sourcecode.swift; path = CocoViewController.swift; sourceTree = "<group>"; };
		992C790C2237F9DD00924631 /* lina.gif */ = {isa = PBXFileReference; lastKnownFileType = image.gif; path = lina.gif; sourceTree = SOURCE_ROOT; };
		992C79102237FC1100924631 /* LinaViewController.swift */ = {isa = PBXFileReference; lastKnownFileType = sourcecode.swift; path = LinaViewController.swift; sourceTree = "<group>"; };
		992C79142237FEE400924631 /* BlueViewController.swift */ = {isa = PBXFileReference; lastKnownFileType = sourcecode.swift; path = BlueViewController.swift; sourceTree = "<group>"; };
		992C79182237FF5C00924631 /* blue.gif */ = {isa = PBXFileReference; lastKnownFileType = image.gif; path = blue.gif; sourceTree = SOURCE_ROOT; };
		992C791C2238035300924631 /* noWareViewController.swift */ = {isa = PBXFileReference; lastKnownFileType = sourcecode.swift; path = noWareViewController.swift; sourceTree = "<group>"; };
		992C79202238037800924631 /* noware.gif */ = {isa = PBXFileReference; lastKnownFileType = image.gif; path = noware.gif; sourceTree = SOURCE_ROOT; };
		992C7924223805FE00924631 /* purple.gif */ = {isa = PBXFileReference; lastKnownFileType = image.gif; path = purple.gif; sourceTree = SOURCE_ROOT; };
		992C79282238061700924631 /* PurpleViewController.swift */ = {isa = PBXFileReference; lastKnownFileType = sourcecode.swift; path = PurpleViewController.swift; sourceTree = "<group>"; };
/* End PBXFileReference section */

/* Begin PBXFrameworksBuildPhase section */
		992C78A82236B7B200924631 /* Frameworks */ = {
			isa = PBXFrameworksBuildPhase;
			buildActionMask = 2147483647;
			files = (
			);
			runOnlyForDeploymentPostprocessing = 0;
		};
		992C78BC2236B7B300924631 /* Frameworks */ = {
			isa = PBXFrameworksBuildPhase;
			buildActionMask = 2147483647;
			files = (
			);
			runOnlyForDeploymentPostprocessing = 0;
		};
		992C78C72236B7B400924631 /* Frameworks */ = {
			isa = PBXFrameworksBuildPhase;
			buildActionMask = 2147483647;
			files = (
			);
			runOnlyForDeploymentPostprocessing = 0;
		};
/* End PBXFrameworksBuildPhase section */

/* Begin PBXGroup section */
		992C78A22236B7B200924631 = {
			isa = PBXGroup;
			children = (
				992C78AD2236B7B200924631 /* e-book */,
				992C78C22236B7B300924631 /* e-bookTests */,
				992C78CD2236B7B400924631 /* e-bookUITests */,
				992C78AC2236B7B200924631 /* Products */,
			);
			sourceTree = "<group>";
		};
		992C78AC2236B7B200924631 /* Products */ = {
			isa = PBXGroup;
			children = (
				992C78AB2236B7B200924631 /* e-book.app */,
				992C78BF2236B7B300924631 /* e-bookTests.xctest */,
				992C78CA2236B7B400924631 /* e-bookUITests.xctest */,
			);
			name = Products;
			sourceTree = "<group>";
		};
		992C78AD2236B7B200924631 /* e-book */ = {
			isa = PBXGroup;
			children = (
				992C78AE2236B7B200924631 /* AppDelegate.swift */,
				992C78F82237DE3700924631 /* UIImage+GIF.swift */,
				992C78B02236B7B200924631 /* LuyaViewController.swift */,
				992C79102237FC1100924631 /* LinaViewController.swift */,
				992C78DC2236CC5800924631 /* SentyCreamPuff.ttf */,
				992C78FC2237E74100924631 /* star.gif */,
				992C79202238037800924631 /* noware.gif */,
				992C790C2237F9DD00924631 /* lina.gif */,
				992C7924223805FE00924631 /* purple.gif */,
				992C79182237FF5C00924631 /* blue.gif */,
				992C79042237EF4B00924631 /* coco.gif */,
				992C78C32236B7B300924631 /* e_bookTests.swift */,
				992C78F42237DA5B00924631 /* Luya.gif */,
				992C78B22236B7B200924631 /* Main.storyboard */,
				992C78B52236B7B300924631 /* Assets.xcassets */,
				992C78B72236B7B300924631 /* LaunchScreen.storyboard */,
				992C78BA2236B7B300924631 /* Info.plist */,
				992C79002237E7CF00924631 /* StarViewController.swift */,
				992C79082237F06700924631 /* CocoViewController.swift */,
				992C79142237FEE400924631 /* BlueViewController.swift */,
				992C791C2238035300924631 /* noWareViewController.swift */,
				992C79282238061700924631 /* PurpleViewController.swift */,
			);
			path = "e-book";
			sourceTree = "<group>";
		};
		992C78C22236B7B300924631 /* e-bookTests */ = {
			isa = PBXGroup;
			children = (
				992C78C52236B7B300924631 /* Info.plist */,
			);
			path = "e-bookTests";
			sourceTree = "<group>";
		};
		992C78CD2236B7B400924631 /* e-bookUITests */ = {
			isa = PBXGroup;
			children = (
				992C78CE2236B7B400924631 /* e_bookUITests.swift */,
				992C78D02236B7B400924631 /* Info.plist */,
			);
			path = "e-bookUITests";
			sourceTree = "<group>";
		};
/* End PBXGroup section */

/* Begin PBXNativeTarget section */
		992C78AA2236B7B200924631 /* e-book */ = {
			isa = PBXNativeTarget;
			buildConfigurationList = 992C78D32236B7B400924631 /* Build configuration list for PBXNativeTarget "e-book" */;
			buildPhases = (
				992C78A72236B7B200924631 /* Sources */,
				992C78A82236B7B200924631 /* Frameworks */,
				992C78A92236B7B200924631 /* Resources */,
			);
			buildRules = (
			);
			dependencies = (
			);
			name = "e-book";
			productName = "e-book";
			productReference = 992C78AB2236B7B200924631 /* e-book.app */;
			productType = "com.apple.product-type.application";
		};
		992C78BE2236B7B300924631 /* e-bookTests */ = {
			isa = PBXNativeTarget;
			buildConfigurationList = 992C78D62236B7B400924631 /* Build configuration list for PBXNativeTarget "e-bookTests" */;
			buildPhases = (
				992C78BB2236B7B300924631 /* Sources */,
				992C78BC2236B7B300924631 /* Frameworks */,
				992C78BD2236B7B300924631 /* Resources */,
			);
			buildRules = (
			);
			dependencies = (
				992C78C12236B7B300924631 /* PBXTargetDependency */,
			);
			name = "e-bookTests";
			productName = "e-bookTests";
			productReference = 992C78BF2236B7B300924631 /* e-bookTests.xctest */;
			productType = "com.apple.product-type.bundle.unit-test";
		};
		992C78C92236B7B400924631 /* e-bookUITests */ = {
			isa = PBXNativeTarget;
			buildConfigurationList = 992C78D92236B7B400924631 /* Build configuration list for PBXNativeTarget "e-bookUITests" */;
			buildPhases = (
				992C78C62236B7B400924631 /* Sources */,
				992C78C72236B7B400924631 /* Frameworks */,
				992C78C82236B7B400924631 /* Resources */,
			);
			buildRules = (
			);
			dependencies = (
				992C78CC2236B7B400924631 /* PBXTargetDependency */,
			);
			name = "e-bookUITests";
			productName = "e-bookUITests";
			productReference = 992C78CA2236B7B400924631 /* e-bookUITests.xctest */;
			productType = "com.apple.product-type.bundle.ui-testing";
		};
/* End PBXNativeTarget section */

/* Begin PBXProject section */
		992C78A32236B7B200924631 /* Project object */ = {
			isa = PBXProject;
			attributes = {
				LastSwiftUpdateCheck = 1010;
				LastUpgradeCheck = 1010;
				ORGANIZATIONNAME = tseng;
				TargetAttributes = {
					992C78AA2236B7B200924631 = {
						CreatedOnToolsVersion = 10.1;
					};
					992C78BE2236B7B300924631 = {
						CreatedOnToolsVersion = 10.1;
						TestTargetID = 992C78AA2236B7B200924631;
					};
					992C78C92236B7B400924631 = {
						CreatedOnToolsVersion = 10.1;
						TestTargetID = 992C78AA2236B7B200924631;
					};
				};
			};
			buildConfigurationList = 992C78A62236B7B200924631 /* Build configuration list for PBXProject "e-book" */;
			compatibilityVersion = "Xcode 9.3";
			developmentRegion = en;
			hasScannedForEncodings = 0;
			knownRegions = (
				en,
				Base,
			);
			mainGroup = 992C78A22236B7B200924631;
			productRefGroup = 992C78AC2236B7B200924631 /* Products */;
			projectDirPath = "";
			projectRoot = "";
			targets = (
				992C78AA2236B7B200924631 /* e-book */,
				992C78BE2236B7B300924631 /* e-bookTests */,
				992C78C92236B7B400924631 /* e-bookUITests */,
			);
		};
/* End PBXProject section */

/* Begin PBXResourcesBuildPhase section */
		992C78A92236B7B200924631 /* Resources */ = {
			isa = PBXResourcesBuildPhase;
			buildActionMask = 2147483647;
			files = (
				992C7925223805FE00924631 /* purple.gif in Resources */,
				992C790D2237F9DD00924631 /* lina.gif in Resources */,
				992C79052237EF4B00924631 /* coco.gif in Resources */,
				992C78B92236B7B300924631 /* LaunchScreen.storyboard in Resources */,
				992C78B62236B7B300924631 /* Assets.xcassets in Resources */,
				992C78DD2236CC5800924631 /* SentyCreamPuff.ttf in Resources */,
				992C78F52237DA5B00924631 /* Luya.gif in Resources */,
				992C79212238037900924631 /* noware.gif in Resources */,
				992C78FD2237E74200924631 /* star.gif in Resources */,
				992C79192237FF5C00924631 /* blue.gif in Resources */,
				992C78B42236B7B200924631 /* Main.storyboard in Resources */,
			);
			runOnlyForDeploymentPostprocessing = 0;
		};
		992C78BD2236B7B300924631 /* Resources */ = {
			isa = PBXResourcesBuildPhase;
			buildActionMask = 2147483647;
			files = (
				992C79062237EF4B00924631 /* coco.gif in Resources */,
				992C78DE2236CC5800924631 /* SentyCreamPuff.ttf in Resources */,
				992C790E2237F9DD00924631 /* lina.gif in Resources */,
				992C78FE2237E74200924631 /* star.gif in Resources */,
				992C791A2237FF5C00924631 /* blue.gif in Resources */,
				992C79222238037900924631 /* noware.gif in Resources */,
				992C7926223805FE00924631 /* purple.gif in Resources */,
				992C78F62237DA5B00924631 /* Luya.gif in Resources */,
			);
			runOnlyForDeploymentPostprocessing = 0;
		};
		992C78C82236B7B400924631 /* Resources */ = {
			isa = PBXResourcesBuildPhase;
			buildActionMask = 2147483647;
			files = (
				992C79072237EF4B00924631 /* coco.gif in Resources */,
				992C78DF2236CC5800924631 /* SentyCreamPuff.ttf in Resources */,
				992C790F2237F9DD00924631 /* lina.gif in Resources */,
				992C78FF2237E74200924631 /* star.gif in Resources */,
				992C791B2237FF5C00924631 /* blue.gif in Resources */,
				992C79232238037900924631 /* noware.gif in Resources */,
				992C7927223805FE00924631 /* purple.gif in Resources */,
				992C78F72237DA5B00924631 /* Luya.gif in Resources */,
			);
			runOnlyForDeploymentPostprocessing = 0;
		};
/* End PBXResourcesBuildPhase section */

/* Begin PBXSourcesBuildPhase section */
		992C78A72236B7B200924631 /* Sources */ = {
			isa = PBXSourcesBuildPhase;
			buildActionMask = 2147483647;
			files = (
				992C791D2238035300924631 /* noWareViewController.swift in Sources */,
				992C79012237E7CF00924631 /* StarViewController.swift in Sources */,
				992C79292238061700924631 /* PurpleViewController.swift in Sources */,
				992C78B12236B7B200924631 /* LuyaViewController.swift in Sources */,
				992C79092237F06700924631 /* CocoViewController.swift in Sources */,
				992C78F92237DE3700924631 /* UIImage+GIF.swift in Sources */,
				992C79112237FC1100924631 /* LinaViewController.swift in Sources */,
				992C78AF2236B7B200924631 /* AppDelegate.swift in Sources */,
				992C79152237FEE400924631 /* BlueViewController.swift in Sources */,
			);
			runOnlyForDeploymentPostprocessing = 0;
		};
		992C78BB2236B7B300924631 /* Sources */ = {
			isa = PBXSourcesBuildPhase;
			buildActionMask = 2147483647;
			files = (
				992C78FA2237DE3700924631 /* UIImage+GIF.swift in Sources */,
				992C79122237FC1100924631 /* LinaViewController.swift in Sources */,
				992C79022237E7CF00924631 /* StarViewController.swift in Sources */,
				992C790A2237F06700924631 /* CocoViewController.swift in Sources */,
				992C792A2238061700924631 /* PurpleViewController.swift in Sources */,
				992C791E2238035300924631 /* noWareViewController.swift in Sources */,
				992C79162237FEE400924631 /* BlueViewController.swift in Sources */,
				992C78C42236B7B300924631 /* e_bookTests.swift in Sources */,
			);
			runOnlyForDeploymentPostprocessing = 0;
		};
		992C78C62236B7B400924631 /* Sources */ = {
			isa = PBXSourcesBuildPhase;
			buildActionMask = 2147483647;
			files = (
				992C78FB2237DE3700924631 /* UIImage+GIF.swift in Sources */,
				992C79132237FC1100924631 /* LinaViewController.swift in Sources */,
				992C79032237E7CF00924631 /* StarViewController.swift in Sources */,
				992C790B2237F06700924631 /* CocoViewController.swift in Sources */,
				992C792B2238061700924631 /* PurpleViewController.swift in Sources */,
				992C791F2238035300924631 /* noWareViewController.swift in Sources */,
				992C79172237FEE400924631 /* BlueViewController.swift in Sources */,
				992C78CF2236B7B400924631 /* e_bookUITests.swift in Sources */,
			);
			runOnlyForDeploymentPostprocessing = 0;
		};
/* End PBXSourcesBuildPhase section */

/* Begin PBXTargetDependency section */
		992C78C12236B7B300924631 /* PBXTargetDependency */ = {
			isa = PBXTargetDependency;
			target = 992C78AA2236B7B200924631 /* e-book */;
			targetProxy = 992C78C02236B7B300924631 /* PBXContainerItemProxy */;
		};
		992C78CC2236B7B400924631 /* PBXTargetDependency */ = {
			isa = PBXTargetDependency;
			target = 992C78AA2236B7B200924631 /* e-book */;
			targetProxy = 992C78CB2236B7B400924631 /* PBXContainerItemProxy */;
		};
/* End PBXTargetDependency section */

/* Begin PBXVariantGroup section */
		992C78B22236B7B200924631 /* Main.storyboard */ = {
			isa = PBXVariantGroup;
			children = (
				992C78B32236B7B200924631 /* Base */,
			);
			name = Main.storyboard;
			sourceTree = "<group>";
		};
		992C78B72236B7B300924631 /* LaunchScreen.storyboard */ = {
			isa = PBXVariantGroup;
			children = (
				992C78B82236B7B300924631 /* Base */,
			);
			name = LaunchScreen.storyboard;
			sourceTree = "<group>";
		};
/* End PBXVariantGroup section */

/* Begin XCBuildConfiguration section */
		992C78D12236B7B400924631 /* Debug */ = {
			isa = XCBuildConfiguration;
			buildSettings = {
				ALWAYS_SEARCH_USER_PATHS = NO;
				CLANG_ANALYZER_NONNULL = YES;
				CLANG_ANALYZER_NUMBER_OBJECT_CONVERSION = YES_AGGRESSIVE;
				CLANG_CXX_LANGUAGE_STANDARD = "gnu++14";
				CLANG_CXX_LIBRARY = "libc++";
				CLANG_ENABLE_MODULES = YES;
				CLANG_ENABLE_OBJC_ARC = YES;
				CLANG_ENABLE_OBJC_WEAK = YES;
				CLANG_WARN_BLOCK_CAPTURE_AUTORELEASING = YES;
				CLANG_WARN_BOOL_CONVERSION = YES;
				CLANG_WARN_COMMA = YES;
				CLANG_WARN_CONSTANT_CONVERSION = YES;
				CLANG_WARN_DEPRECATED_OBJC_IMPLEMENTATIONS = YES;
				CLANG_WARN_DIRECT_OBJC_ISA_USAGE = YES_ERROR;
				CLANG_WARN_DOCUMENTATION_COMMENTS = YES;
				CLANG_WARN_EMPTY_BODY = YES;
				CLANG_WARN_ENUM_CONVERSION = YES;
				CLANG_WARN_INFINITE_RECURSION = YES;
				CLANG_WARN_INT_CONVERSION = YES;
				CLANG_WARN_NON_LITERAL_NULL_CONVERSION = YES;
				CLANG_WARN_OBJC_IMPLICIT_RETAIN_SELF = YES;
				CLANG_WARN_OBJC_LITERAL_CONVERSION = YES;
				CLANG_WARN_OBJC_ROOT_CLASS = YES_ERROR;
				CLANG_WARN_RANGE_LOOP_ANALYSIS = YES;
				CLANG_WARN_STRICT_PROTOTYPES = YES;
				CLANG_WARN_SUSPICIOUS_MOVE = YES;
				CLANG_WARN_UNGUARDED_AVAILABILITY = YES_AGGRESSIVE;
				CLANG_WARN_UNREACHABLE_CODE = YES;
				CLANG_WARN__DUPLICATE_METHOD_MATCH = YES;
				CODE_SIGN_IDENTITY = "iPhone Developer";
				COPY_PHASE_STRIP = NO;
				DEBUG_INFORMATION_FORMAT = dwarf;
				ENABLE_STRICT_OBJC_MSGSEND = YES;
				ENABLE_TESTABILITY = YES;
				GCC_C_LANGUAGE_STANDARD = gnu11;
				GCC_DYNAMIC_NO_PIC = NO;
				GCC_NO_COMMON_BLOCKS = YES;
				GCC_OPTIMIZATION_LEVEL = 0;
				GCC_PREPROCESSOR_DEFINITIONS = (
					"DEBUG=1",
					"$(inherited)",
				);
				GCC_WARN_64_TO_32_BIT_CONVERSION = YES;
				GCC_WARN_ABOUT_RETURN_TYPE = YES_ERROR;
				GCC_WARN_UNDECLARED_SELECTOR = YES;
				GCC_WARN_UNINITIALIZED_AUTOS = YES_AGGRESSIVE;
				GCC_WARN_UNUSED_FUNCTION = YES;
				GCC_WARN_UNUSED_VARIABLE = YES;
				IPHONEOS_DEPLOYMENT_TARGET = 12.1;
				MTL_ENABLE_DEBUG_INFO = INCLUDE_SOURCE;
				MTL_FAST_MATH = YES;
				ONLY_ACTIVE_ARCH = YES;
				SDKROOT = iphoneos;
				SWIFT_ACTIVE_COMPILATION_CONDITIONS = DEBUG;
				SWIFT_OPTIMIZATION_LEVEL = "-Onone";
			};
			name = Debug;
		};
		992C78D22236B7B400924631 /* Release */ = {
			isa = XCBuildConfiguration;
			buildSettings = {
				ALWAYS_SEARCH_USER_PATHS = NO;
				CLANG_ANALYZER_NONNULL = YES;
				CLANG_ANALYZER_NUMBER_OBJECT_CONVERSION = YES_AGGRESSIVE;
				CLANG_CXX_LANGUAGE_STANDARD = "gnu++14";
				CLANG_CXX_LIBRARY = "libc++";
				CLANG_ENABLE_MODULES = YES;
				CLANG_ENABLE_OBJC_ARC = YES;
				CLANG_ENABLE_OBJC_WEAK = YES;
				CLANG_WARN_BLOCK_CAPTURE_AUTORELEASING = YES;
				CLANG_WARN_BOOL_CONVERSION = YES;
				CLANG_WARN_COMMA = YES;
				CLANG_WARN_CONSTANT_CONVERSION = YES;
				CLANG_WARN_DEPRECATED_OBJC_IMPLEMENTATIONS = YES;
				CLANG_WARN_DIRECT_OBJC_ISA_USAGE = YES_ERROR;
				CLANG_WARN_DOCUMENTATION_COMMENTS = YES;
				CLANG_WARN_EMPTY_BODY = YES;
				CLANG_WARN_ENUM_CONVERSION = YES;
				CLANG_WARN_INFINITE_RECURSION = YES;
				CLANG_WARN_INT_CONVERSION = YES;
				CLANG_WARN_NON_LITERAL_NULL_CONVERSION = YES;
				CLANG_WARN_OBJC_IMPLICIT_RETAIN_SELF = YES;
				CLANG_WARN_OBJC_LITERAL_CONVERSION = YES;
				CLANG_WARN_OBJC_ROOT_CLASS = YES_ERROR;
				CLANG_WARN_RANGE_LOOP_ANALYSIS = YES;
				CLANG_WARN_STRICT_PROTOTYPES = YES;
				CLANG_WARN_SUSPICIOUS_MOVE = YES;
				CLANG_WARN_UNGUARDED_AVAILABILITY = YES_AGGRESSIVE;
				CLANG_WARN_UNREACHABLE_CODE = YES;
				CLANG_WARN__DUPLICATE_METHOD_MATCH = YES;
				CODE_SIGN_IDENTITY = "iPhone Developer";
				COPY_PHASE_STRIP = NO;
				DEBUG_INFORMATION_FORMAT = "dwarf-with-dsym";
				ENABLE_NS_ASSERTIONS = NO;
				ENABLE_STRICT_OBJC_MSGSEND = YES;
				GCC_C_LANGUAGE_STANDARD = gnu11;
				GCC_NO_COMMON_BLOCKS = YES;
				GCC_WARN_64_TO_32_BIT_CONVERSION = YES;
				GCC_WARN_ABOUT_RETURN_TYPE = YES_ERROR;
				GCC_WARN_UNDECLARED_SELECTOR = YES;
				GCC_WARN_UNINITIALIZED_AUTOS = YES_AGGRESSIVE;
				GCC_WARN_UNUSED_FUNCTION = YES;
				GCC_WARN_UNUSED_VARIABLE = YES;
				IPHONEOS_DEPLOYMENT_TARGET = 12.1;
				MTL_ENABLE_DEBUG_INFO = NO;
				MTL_FAST_MATH = YES;
				SDKROOT = iphoneos;
				SWIFT_COMPILATION_MODE = wholemodule;
				SWIFT_OPTIMIZATION_LEVEL = "-O";
				VALIDATE_PRODUCT = YES;
			};
			name = Release;
		};
		992C78D42236B7B400924631 /* Debug */ = {
			isa = XCBuildConfiguration;
			buildSettings = {
				ASSETCATALOG_COMPILER_APPICON_NAME = AppIcon;
				CODE_SIGN_STYLE = Automatic;
				INFOPLIST_FILE = "e-book/Info.plist";
				LD_RUNPATH_SEARCH_PATHS = (
					"$(inherited)",
					"@executable_path/Frameworks",
				);
				PRODUCT_BUNDLE_IDENTIFIER = "tseng.e-book";
				PRODUCT_NAME = "$(TARGET_NAME)";
				SWIFT_VERSION = 4.2;
				TARGETED_DEVICE_FAMILY = "1,2";
			};
			name = Debug;
		};
		992C78D52236B7B400924631 /* Release */ = {
			isa = XCBuildConfiguration;
			buildSettings = {
				ASSETCATALOG_COMPILER_APPICON_NAME = AppIcon;
				CODE_SIGN_STYLE = Automatic;
				INFOPLIST_FILE = "e-book/Info.plist";
				LD_RUNPATH_SEARCH_PATHS = (
					"$(inherited)",
					"@executable_path/Frameworks",
				);
				PRODUCT_BUNDLE_IDENTIFIER = "tseng.e-book";
				PRODUCT_NAME = "$(TARGET_NAME)";
				SWIFT_VERSION = 4.2;
				TARGETED_DEVICE_FAMILY = "1,2";
			};
			name = Release;
		};
		992C78D72236B7B400924631 /* Debug */ = {
			isa = XCBuildConfiguration;
			buildSettings = {
				ALWAYS_EMBED_SWIFT_STANDARD_LIBRARIES = YES;
				BUNDLE_LOADER = "$(TEST_HOST)";
				CODE_SIGN_STYLE = Automatic;
				INFOPLIST_FILE = "e-bookTests/Info.plist";
				LD_RUNPATH_SEARCH_PATHS = (
					"$(inherited)",
					"@executable_path/Frameworks",
					"@loader_path/Frameworks",
				);
				PRODUCT_BUNDLE_IDENTIFIER = "tseng.e-bookTests";
				PRODUCT_NAME = "$(TARGET_NAME)";
				SWIFT_VERSION = 4.2;
				TARGETED_DEVICE_FAMILY = "1,2";
				TEST_HOST = "$(BUILT_PRODUCTS_DIR)/e-book.app/e-book";
			};
			name = Debug;
		};
		992C78D82236B7B400924631 /* Release */ = {
			isa = XCBuildConfiguration;
			buildSettings = {
				ALWAYS_EMBED_SWIFT_STANDARD_LIBRARIES = YES;
				BUNDLE_LOADER = "$(TEST_HOST)";
				CODE_SIGN_STYLE = Automatic;
				INFOPLIST_FILE = "e-bookTests/Info.plist";
				LD_RUNPATH_SEARCH_PATHS = (
					"$(inherited)",
					"@executable_path/Frameworks",
					"@loader_path/Frameworks",
				);
				PRODUCT_BUNDLE_IDENTIFIER = "tseng.e-bookTests";
				PRODUCT_NAME = "$(TARGET_NAME)";
				SWIFT_VERSION = 4.2;
				TARGETED_DEVICE_FAMILY = "1,2";
				TEST_HOST = "$(BUILT_PRODUCTS_DIR)/e-book.app/e-book";
			};
			name = Release;
		};
		992C78DA2236B7B400924631 /* Debug */ = {
			isa = XCBuildConfiguration;
			buildSettings = {
				ALWAYS_EMBED_SWIFT_STANDARD_LIBRARIES = YES;
				CODE_SIGN_STYLE = Automatic;
				INFOPLIST_FILE = "e-bookUITests/Info.plist";
				LD_RUNPATH_SEARCH_PATHS = (
					"$(inherited)",
					"@executable_path/Frameworks",
					"@loader_path/Frameworks",
				);
				PRODUCT_BUNDLE_IDENTIFIER = "tseng.e-bookUITests";
				PRODUCT_NAME = "$(TARGET_NAME)";
				SWIFT_VERSION = 4.2;
				TARGETED_DEVICE_FAMILY = "1,2";
				TEST_TARGET_NAME = "e-book";
			};
			name = Debug;
		};
		992C78DB2236B7B400924631 /* Release */ = {
			isa = XCBuildConfiguration;
			buildSettings = {
				ALWAYS_EMBED_SWIFT_STANDARD_LIBRARIES = YES;
				CODE_SIGN_STYLE = Automatic;
				INFOPLIST_FILE = "e-bookUITests/Info.plist";
				LD_RUNPATH_SEARCH_PATHS = (
					"$(inherited)",
					"@executable_path/Frameworks",
					"@loader_path/Frameworks",
				);
				PRODUCT_BUNDLE_IDENTIFIER = "tseng.e-bookUITests";
				PRODUCT_NAME = "$(TARGET_NAME)";
				SWIFT_VERSION = 4.2;
				TARGETED_DEVICE_FAMILY = "1,2";
				TEST_TARGET_NAME = "e-book";
			};
			name = Release;
		};
/* End XCBuildConfiguration section */

/* Begin XCConfigurationList section */
		992C78A62236B7B200924631 /* Build configuration list for PBXProject "e-book" */ = {
			isa = XCConfigurationList;
			buildConfigurations = (
				992C78D12236B7B400924631 /* Debug */,
				992C78D22236B7B400924631 /* Release */,
			);
			defaultConfigurationIsVisible = 0;
			defaultConfigurationName = Release;
		};
		992C78D32236B7B400924631 /* Build configuration list for PBXNativeTarget "e-book" */ = {
			isa = XCConfigurationList;
			buildConfigurations = (
				992C78D42236B7B400924631 /* Debug */,
				992C78D52236B7B400924631 /* Release */,
			);
			defaultConfigurationIsVisible = 0;
			defaultConfigurationName = Release;
		};
		992C78D62236B7B400924631 /* Build configuration list for PBXNativeTarget "e-bookTests" */ = {
			isa = XCConfigurationList;
			buildConfigurations = (
				992C78D72236B7B400924631 /* Debug */,
				992C78D82236B7B400924631 /* Release */,
			);
			defaultConfigurationIsVisible = 0;
			defaultConfigurationName = Release;
		};
		992C78D92236B7B400924631 /* Build configuration list for PBXNativeTarget "e-bookUITests" */ = {
			isa = XCConfigurationList;
			buildConfigurations = (
				992C78DA2236B7B400924631 /* Debug */,
				992C78DB2236B7B400924631 /* Release */,
			);
			defaultConfigurationIsVisible = 0;
			defaultConfigurationName = Release;
		};
/* End XCConfigurationList section */
	};
	rootObject = 992C78A32236B7B200924631 /* Project object */;
}
